// !$*UTF8*$!
{
	archiveVersion = 1;
	classes = {
	};
	objectVersion = 51;
	objects = {

/* Begin PBXBuildFile section */
		30F966267D95B57DD81DAC76 /* Pods_eClient.framework in Frameworks */ = {isa = PBXBuildFile; fileRef = 609B51DDC26C4917F4AECD93 /* Pods_eClient.framework */; };
		DA83384223A7BEC90062936C /* AppDelegate.swift in Sources */ = {isa = PBXBuildFile; fileRef = DA83384123A7BEC90062936C /* AppDelegate.swift */; };
		DA83384423A7BEC90062936C /* SceneDelegate.swift in Sources */ = {isa = PBXBuildFile; fileRef = DA83384323A7BEC90062936C /* SceneDelegate.swift */; };
		DA83384623A7BEC90062936C /* ViewController.swift in Sources */ = {isa = PBXBuildFile; fileRef = DA83384523A7BEC90062936C /* ViewController.swift */; };
		DA83384923A7BEC90062936C /* Main.storyboard in Resources */ = {isa = PBXBuildFile; fileRef = DA83384723A7BEC90062936C /* Main.storyboard */; };
		DA83384B23A7BED30062936C /* Assets.xcassets in Resources */ = {isa = PBXBuildFile; fileRef = DA83384A23A7BED30062936C /* Assets.xcassets */; };
		DA83384E23A7BED30062936C /* LaunchScreen.storyboard in Resources */ = {isa = PBXBuildFile; fileRef = DA83384C23A7BED30062936C /* LaunchScreen.storyboard */; };
		DA83385923A7D1AE0062936C /* BaseURL.swift in Sources */ = {isa = PBXBuildFile; fileRef = DA83385823A7D1AE0062936C /* BaseURL.swift */; };
		DA83385B23A7D26F0062936C /* Connectivity.swift in Sources */ = {isa = PBXBuildFile; fileRef = DA83385A23A7D26F0062936C /* Connectivity.swift */; };
		DA83385F23A7D35A0062936C /* Posts.swift in Sources */ = {isa = PBXBuildFile; fileRef = DA83385E23A7D35A0062936C /* Posts.swift */; };
		DA83386223A7D4F50062936C /* InboxTabelViewCell.swift in Sources */ = {isa = PBXBuildFile; fileRef = DA83386123A7D4F50062936C /* InboxTabelViewCell.swift */; };
		DA83386423A7D64F0062936C /* Extensions.swift in Sources */ = {isa = PBXBuildFile; fileRef = DA83386323A7D64F0062936C /* Extensions.swift */; };
		DA83386623A7DD590062936C /* DetailMessageController.swift in Sources */ = {isa = PBXBuildFile; fileRef = DA83386523A7DD590062936C /* DetailMessageController.swift */; };
		DA83386823A7E1AF0062936C /* Users.swift in Sources */ = {isa = PBXBuildFile; fileRef = DA83386723A7E1AF0062936C /* Users.swift */; };
		DA83386B23A7E1FB0062936C /* Address.swift in Sources */ = {isa = PBXBuildFile; fileRef = DA83386A23A7E1FB0062936C /* Address.swift */; };
		DA83386D23A7E6C30062936C /* SendMessageController.swift in Sources */ = {isa = PBXBuildFile; fileRef = DA83386C23A7E6C30062936C /* SendMessageController.swift */; };
		DA83386F23A7F68E0062936C /* ArchieveTableViewCell.swift in Sources */ = {isa = PBXBuildFile; fileRef = DA83386E23A7F68E0062936C /* ArchieveTableViewCell.swift */; };
		DA83387123A7F7190062936C /* ArchiveViewController.swift in Sources */ = {isa = PBXBuildFile; fileRef = DA83387023A7F7190062936C /* ArchiveViewController.swift */; };
/* End PBXBuildFile section */

/* Begin PBXFileReference section */
		609B51DDC26C4917F4AECD93 /* Pods_eClient.framework */ = {isa = PBXFileReference; explicitFileType = wrapper.framework; includeInIndex = 0; path = Pods_eClient.framework; sourceTree = BUILT_PRODUCTS_DIR; };
		DA83383E23A7BEC90062936C /* eClient.app */ = {isa = PBXFileReference; explicitFileType = wrapper.application; includeInIndex = 0; path = eClient.app; sourceTree = BUILT_PRODUCTS_DIR; };
		DA83384123A7BEC90062936C /* AppDelegate.swift */ = {isa = PBXFileReference; lastKnownFileType = sourcecode.swift; path = AppDelegate.swift; sourceTree = "<group>"; };
		DA83384323A7BEC90062936C /* SceneDelegate.swift */ = {isa = PBXFileReference; lastKnownFileType = sourcecode.swift; path = SceneDelegate.swift; sourceTree = "<group>"; };
		DA83384523A7BEC90062936C /* ViewController.swift */ = {isa = PBXFileReference; lastKnownFileType = sourcecode.swift; path = ViewController.swift; sourceTree = "<group>"; };
		DA83384823A7BEC90062936C /* Base */ = {isa = PBXFileReference; lastKnownFileType = file.storyboard; name = Base; path = Base.lproj/Main.storyboard; sourceTree = "<group>"; };
		DA83384A23A7BED30062936C /* Assets.xcassets */ = {isa = PBXFileReference; lastKnownFileType = folder.assetcatalog; path = Assets.xcassets; sourceTree = "<group>"; };
		DA83384D23A7BED30062936C /* Base */ = {isa = PBXFileReference; lastKnownFileType = file.storyboard; name = Base; path = Base.lproj/LaunchScreen.storyboard; sourceTree = "<group>"; };
		DA83384F23A7BED30062936C /* Info.plist */ = {isa = PBXFileReference; lastKnownFileType = text.plist.xml; path = Info.plist; sourceTree = "<group>"; };
		DA83385823A7D1AE0062936C /* BaseURL.swift */ = {isa = PBXFileReference; lastKnownFileType = sourcecode.swift; path = BaseURL.swift; sourceTree = "<group>"; };
		DA83385A23A7D26F0062936C /* Connectivity.swift */ = {isa = PBXFileReference; lastKnownFileType = sourcecode.swift; path = Connectivity.swift; sourceTree = "<group>"; };
		DA83385E23A7D35A0062936C /* Posts.swift */ = {isa = PBXFileReference; lastKnownFileType = sourcecode.swift; path = Posts.swift; sourceTree = "<group>"; };
		DA83386123A7D4F50062936C /* InboxTabelViewCell.swift */ = {isa = PBXFileReference; lastKnownFileType = sourcecode.swift; path = InboxTabelViewCell.swift; sourceTree = "<group>"; };
		DA83386323A7D64F0062936C /* Extensions.swift */ = {isa = PBXFileReference; lastKnownFileType = sourcecode.swift; path = Extensions.swift; sourceTree = "<group>"; };
		DA83386523A7DD590062936C /* DetailMessageController.swift */ = {isa = PBXFileReference; lastKnownFileType = sourcecode.swift; path = DetailMessageController.swift; sourceTree = "<group>"; };
		DA83386723A7E1AF0062936C /* Users.swift */ = {isa = PBXFileReference; lastKnownFileType = sourcecode.swift; path = Users.swift; sourceTree = "<group>"; };
		DA83386A23A7E1FB0062936C /* Address.swift */ = {isa = PBXFileReference; lastKnownFileType = sourcecode.swift; path = Address.swift; sourceTree = "<group>"; };
		DA83386C23A7E6C30062936C /* SendMessageController.swift */ = {isa = PBXFileReference; lastKnownFileType = sourcecode.swift; path = SendMessageController.swift; sourceTree = "<group>"; };
		DA83386E23A7F68E0062936C /* ArchieveTableViewCell.swift */ = {isa = PBXFileReference; lastKnownFileType = sourcecode.swift; path = ArchieveTableViewCell.swift; sourceTree = "<group>"; };
		DA83387023A7F7190062936C /* ArchiveViewController.swift */ = {isa = PBXFileReference; lastKnownFileType = sourcecode.swift; path = ArchiveViewController.swift; sourceTree = "<group>"; };
		DBEE0E6384089C9511D4DF0D /* Pods-eClient.release.xcconfig */ = {isa = PBXFileReference; includeInIndex = 1; lastKnownFileType = text.xcconfig; name = "Pods-eClient.release.xcconfig"; path = "Target Support Files/Pods-eClient/Pods-eClient.release.xcconfig"; sourceTree = "<group>"; };
		EF687A1555483C57D7CF1AA5 /* Pods-eClient.debug.xcconfig */ = {isa = PBXFileReference; includeInIndex = 1; lastKnownFileType = text.xcconfig; name = "Pods-eClient.debug.xcconfig"; path = "Target Support Files/Pods-eClient/Pods-eClient.debug.xcconfig"; sourceTree = "<group>"; };
/* End PBXFileReference section */

/* Begin PBXFrameworksBuildPhase section */
		DA83383B23A7BEC90062936C /* Frameworks */ = {
			isa = PBXFrameworksBuildPhase;
			buildActionMask = 2147483647;
			files = (
				30F966267D95B57DD81DAC76 /* Pods_eClient.framework in Frameworks */,
			);
			runOnlyForDeploymentPostprocessing = 0;
		};
/* End PBXFrameworksBuildPhase section */

/* Begin PBXGroup section */
		78BB0992C10DE95BC17AD333 /* Frameworks */ = {
			isa = PBXGroup;
			children = (
				609B51DDC26C4917F4AECD93 /* Pods_eClient.framework */,
			);
			name = Frameworks;
			sourceTree = "<group>";
		};
		DA83383523A7BEC90062936C = {
			isa = PBXGroup;
			children = (
				DA83384023A7BEC90062936C /* eClient */,
				DA83383F23A7BEC90062936C /* Products */,
				F8444EABBCD42B64EA497269 /* Pods */,
				78BB0992C10DE95BC17AD333 /* Frameworks */,
			);
			sourceTree = "<group>";
		};
		DA83383F23A7BEC90062936C /* Products */ = {
			isa = PBXGroup;
			children = (
				DA83383E23A7BEC90062936C /* eClient.app */,
			);
			name = Products;
			sourceTree = "<group>";
		};
		DA83384023A7BEC90062936C /* eClient */ = {
			isa = PBXGroup;
			children = (
				DA83386023A7D4DA0062936C /* Views */,
				DA83385C23A7D2980062936C /* Models */,
				DA83385723A7D1980062936C /* Helpers */,
				DA83385623A7D1920062936C /* Constants */,
				DA83385523A7C61F0062936C /* Controllers */,
				DA83384123A7BEC90062936C /* AppDelegate.swift */,
				DA83384323A7BEC90062936C /* SceneDelegate.swift */,
				DA83384723A7BEC90062936C /* Main.storyboard */,
				DA83384A23A7BED30062936C /* Assets.xcassets */,
				DA83384C23A7BED30062936C /* LaunchScreen.storyboard */,
				DA83384F23A7BED30062936C /* Info.plist */,
			);
			path = eClient;
			sourceTree = "<group>";
		};
		DA83385523A7C61F0062936C /* Controllers */ = {
			isa = PBXGroup;
			children = (
				DA83384523A7BEC90062936C /* ViewController.swift */,
				DA83386523A7DD590062936C /* DetailMessageController.swift */,
				DA83386C23A7E6C30062936C /* SendMessageController.swift */,
				DA83387023A7F7190062936C /* ArchiveViewController.swift */,
			);
			path = Controllers;
			sourceTree = "<group>";
		};
		DA83385623A7D1920062936C /* Constants */ = {
			isa = PBXGroup;
			children = (
				DA83385823A7D1AE0062936C /* BaseURL.swift */,
			);
			path = Constants;
			sourceTree = "<group>";
		};
		DA83385723A7D1980062936C /* Helpers */ = {
			isa = PBXGroup;
			children = (
				DA83385A23A7D26F0062936C /* Connectivity.swift */,
				DA83386323A7D64F0062936C /* Extensions.swift */,
			);
			path = Helpers;
			sourceTree = "<group>";
		};
		DA83385C23A7D2980062936C /* Models */ = {
			isa = PBXGroup;
			children = (
				DA83386923A7E1B80062936C /* Users */,
				DA83385D23A7D34B0062936C /* Posts */,
			);
			path = Models;
			sourceTree = "<group>";
		};
		DA83385D23A7D34B0062936C /* Posts */ = {
			isa = PBXGroup;
			children = (
				DA83385E23A7D35A0062936C /* Posts.swift */,
			);
			path = Posts;
			sourceTree = "<group>";
		};
		DA83386023A7D4DA0062936C /* Views */ = {
			isa = PBXGroup;
			children = (
				DA83386123A7D4F50062936C /* InboxTabelViewCell.swift */,
				DA83386E23A7F68E0062936C /* ArchieveTableViewCell.swift */,
			);
			path = Views;
			sourceTree = "<group>";
		};
		DA83386923A7E1B80062936C /* Users */ = {
			isa = PBXGroup;
			children = (
				DA83386723A7E1AF0062936C /* Users.swift */,
				DA83386A23A7E1FB0062936C /* Address.swift */,
			);
			path = Users;
			sourceTree = "<group>";
		};
		F8444EABBCD42B64EA497269 /* Pods */ = {
			isa = PBXGroup;
			children = (
				EF687A1555483C57D7CF1AA5 /* Pods-eClient.debug.xcconfig */,
				DBEE0E6384089C9511D4DF0D /* Pods-eClient.release.xcconfig */,
			);
			path = Pods;
			sourceTree = "<group>";
		};
/* End PBXGroup section */

/* Begin PBXNativeTarget section */
		DA83383D23A7BEC90062936C /* eClient */ = {
			isa = PBXNativeTarget;
			buildConfigurationList = DA83385223A7BED30062936C /* Build configuration list for PBXNativeTarget "eClient" */;
			buildPhases = (
				2034847E20EDAE69B6C2F064 /* [CP] Check Pods Manifest.lock */,
				DA83383A23A7BEC90062936C /* Sources */,
				DA83383B23A7BEC90062936C /* Frameworks */,
				DA83383C23A7BEC90062936C /* Resources */,
				DA79ACF3873820F309F799CF /* [CP] Embed Pods Frameworks */,
			);
			buildRules = (
			);
			dependencies = (
			);
			name = eClient;
			productName = eClient;
			productReference = DA83383E23A7BEC90062936C /* eClient.app */;
			productType = "com.apple.product-type.application";
		};
/* End PBXNativeTarget section */

/* Begin PBXProject section */
		DA83383623A7BEC90062936C /* Project object */ = {
			isa = PBXProject;
			attributes = {
				LastSwiftUpdateCheck = 1120;
				LastUpgradeCheck = 1120;
				ORGANIZATIONNAME = "Sreekuttan C L";
				TargetAttributes = {
					DA83383D23A7BEC90062936C = {
						CreatedOnToolsVersion = 11.2.1;
					};
				};
			};
			buildConfigurationList = DA83383923A7BEC90062936C /* Build configuration list for PBXProject "eClient" */;
			compatibilityVersion = "Xcode 9.3";
			developmentRegion = en;
			hasScannedForEncodings = 0;
			knownRegions = (
				en,
				Base,
			);
			mainGroup = DA83383523A7BEC90062936C;
			productRefGroup = DA83383F23A7BEC90062936C /* Products */;
			projectDirPath = "";
			projectRoot = "";
			targets = (
				DA83383D23A7BEC90062936C /* eClient */,
			);
		};
/* End PBXProject section */

/* Begin PBXResourcesBuildPhase section */
		DA83383C23A7BEC90062936C /* Resources */ = {
			isa = PBXResourcesBuildPhase;
			buildActionMask = 2147483647;
			files = (
				DA83384E23A7BED30062936C /* LaunchScreen.storyboard in Resources */,
				DA83384B23A7BED30062936C /* Assets.xcassets in Resources */,
				DA83384923A7BEC90062936C /* Main.storyboard in Resources */,
			);
			runOnlyForDeploymentPostprocessing = 0;
		};
/* End PBXResourcesBuildPhase section */

/* Begin PBXShellScriptBuildPhase section */
		2034847E20EDAE69B6C2F064 /* [CP] Check Pods Manifest.lock */ = {
			isa = PBXShellScriptBuildPhase;
			buildActionMask = 2147483647;
			files = (
			);
			inputFileListPaths = (
			);
			inputPaths = (
				"${PODS_PODFILE_DIR_PATH}/Podfile.lock",
				"${PODS_ROOT}/Manifest.lock",
			);
			name = "[CP] Check Pods Manifest.lock";
			outputFileListPaths = (
			);
			outputPaths = (
				"$(DERIVED_FILE_DIR)/Pods-eClient-checkManifestLockResult.txt",
			);
			runOnlyForDeploymentPostprocessing = 0;
			shellPath = /bin/sh;
			shellScript = "diff \"${PODS_PODFILE_DIR_PATH}/Podfile.lock\" \"${PODS_ROOT}/Manifest.lock\" > /dev/null\nif [ $? != 0 ] ; then\n    # print error to STDERR\n    echo \"error: The sandbox is not in sync with the Podfile.lock. Run 'pod install' or update your CocoaPods installation.\" >&2\n    exit 1\nfi\n# This output is used by Xcode 'outputs' to avoid re-running this script phase.\necho \"SUCCESS\" > \"${SCRIPT_OUTPUT_FILE_0}\"\n";
			showEnvVarsInLog = 0;
		};
		DA79ACF3873820F309F799CF /* [CP] Embed Pods Frameworks */ = {
			isa = PBXShellScriptBuildPhase;
			buildActionMask = 2147483647;
			files = (
			);
			inputFileListPaths = (
				"${PODS_ROOT}/Target Support Files/Pods-eClient/Pods-eClient-frameworks-${CONFIGURATION}-input-files.xcfilelist",
			);
			name = "[CP] Embed Pods Frameworks";
			outputFileListPaths = (
				"${PODS_ROOT}/Target Support Files/Pods-eClient/Pods-eClient-frameworks-${CONFIGURATION}-output-files.xcfilelist",
			);
			runOnlyForDeploymentPostprocessing = 0;
			shellPath = /bin/sh;
			shellScript = "\"${PODS_ROOT}/Target Support Files/Pods-eClient/Pods-eClient-frameworks.sh\"\n";
			showEnvVarsInLog = 0;
		};
/* End PBXShellScriptBuildPhase section */

/* Begin PBXSourcesBuildPhase section */
		DA83383A23A7BEC90062936C /* Sources */ = {
			isa = PBXSourcesBuildPhase;
			buildActionMask = 2147483647;
			files = (
				DA83384623A7BEC90062936C /* ViewController.swift in Sources */,
				DA83386623A7DD590062936C /* DetailMessageController.swift in Sources */,
				DA83386F23A7F68E0062936C /* ArchieveTableViewCell.swift in Sources */,
				DA83386823A7E1AF0062936C /* Users.swift in Sources */,
				DA83385F23A7D35A0062936C /* Posts.swift in Sources */,
				DA83384223A7BEC90062936C /* AppDelegate.swift in Sources */,
				DA83386423A7D64F0062936C /* Extensions.swift in Sources */,
				DA83385B23A7D26F0062936C /* Connectivity.swift in Sources */,
				DA83386223A7D4F50062936C /* InboxTabelViewCell.swift in Sources */,
				DA83385923A7D1AE0062936C /* BaseURL.swift in Sources */,
				DA83386D23A7E6C30062936C /* SendMessageController.swift in Sources */,
				DA83386B23A7E1FB0062936C /* Address.swift in Sources */,
				DA83384423A7BEC90062936C /* SceneDelegate.swift in Sources */,
				DA83387123A7F7190062936C /* ArchiveViewController.swift in Sources */,
			);
			runOnlyForDeploymentPostprocessing = 0;
		};
/* End PBXSourcesBuildPhase section */

/* Begin PBXVariantGroup section */
		DA83384723A7BEC90062936C /* Main.storyboard */ = {
			isa = PBXVariantGroup;
			children = (
				DA83384823A7BEC90062936C /* Base */,
			);
			name = Main.storyboard;
			sourceTree = "<group>";
		};
		DA83384C23A7BED30062936C /* LaunchScreen.storyboard */ = {
			isa = PBXVariantGroup;
			children = (
				DA83384D23A7BED30062936C /* Base */,
			);
			name = LaunchScreen.storyboard;
			sourceTree = "<group>";
		};
/* End PBXVariantGroup section */

/* Begin XCBuildConfiguration section */
		DA83385023A7BED30062936C /* Debug */ = {
			isa = XCBuildConfiguration;
			buildSettings = {
				ALWAYS_SEARCH_USER_PATHS = NO;
				CLANG_ANALYZER_NONNULL = YES;
				CLANG_ANALYZER_NUMBER_OBJECT_CONVERSION = YES_AGGRESSIVE;
				CLANG_CXX_LANGUAGE_STANDARD = "gnu++14";
				CLANG_CXX_LIBRARY = "libc++";
				CLANG_ENABLE_MODULES = YES;
				CLANG_ENABLE_OBJC_ARC = YES;
				CLANG_ENABLE_OBJC_WEAK = YES;
				CLANG_WARN_BLOCK_CAPTURE_AUTORELEASING = YES;
				CLANG_WARN_BOOL_CONVERSION = YES;
				CLANG_WARN_COMMA = YES;
				CLANG_WARN_CONSTANT_CONVERSION = YES;
				CLANG_WARN_DEPRECATED_OBJC_IMPLEMENTATIONS = YES;
				CLANG_WARN_DIRECT_OBJC_ISA_USAGE = YES_ERROR;
				CLANG_WARN_DOCUMENTATION_COMMENTS = YES;
				CLANG_WARN_EMPTY_BODY = YES;
				CLANG_WARN_ENUM_CONVERSION = YES;
				CLANG_WARN_INFINITE_RECURSION = YES;
				CLANG_WARN_INT_CONVERSION = YES;
				CLANG_WARN_NON_LITERAL_NULL_CONVERSION = YES;
				CLANG_WARN_OBJC_IMPLICIT_RETAIN_SELF = YES;
				CLANG_WARN_OBJC_LITERAL_CONVERSION = YES;
				CLANG_WARN_OBJC_ROOT_CLASS = YES_ERROR;
				CLANG_WARN_RANGE_LOOP_ANALYSIS = YES;
				CLANG_WARN_STRICT_PROTOTYPES = YES;
				CLANG_WARN_SUSPICIOUS_MOVE = YES;
				CLANG_WARN_UNGUARDED_AVAILABILITY = YES_AGGRESSIVE;
				CLANG_WARN_UNREACHABLE_CODE = YES;
				CLANG_WARN__DUPLICATE_METHOD_MATCH = YES;
				COPY_PHASE_STRIP = NO;
				DEBUG_INFORMATION_FORMAT = dwarf;
				ENABLE_STRICT_OBJC_MSGSEND = YES;
				ENABLE_TESTABILITY = YES;
				GCC_C_LANGUAGE_STANDARD = gnu11;
				GCC_DYNAMIC_NO_PIC = NO;
				GCC_NO_COMMON_BLOCKS = YES;
				GCC_OPTIMIZATION_LEVEL = 0;
				GCC_PREPROCESSOR_DEFINITIONS = (
					"DEBUG=1",
					"$(inherited)",
				);
				GCC_WARN_64_TO_32_BIT_CONVERSION = YES;
				GCC_WARN_ABOUT_RETURN_TYPE = YES_ERROR;
				GCC_WARN_UNDECLARED_SELECTOR = YES;
				GCC_WARN_UNINITIALIZED_AUTOS = YES_AGGRESSIVE;
				GCC_WARN_UNUSED_FUNCTION = YES;
				GCC_WARN_UNUSED_VARIABLE = YES;
				IPHONEOS_DEPLOYMENT_TARGET = 13.2;
				MTL_ENABLE_DEBUG_INFO = INCLUDE_SOURCE;
				MTL_FAST_MATH = YES;
				ONLY_ACTIVE_ARCH = YES;
				SDKROOT = iphoneos;
				SWIFT_ACTIVE_COMPILATION_CONDITIONS = DEBUG;
				SWIFT_OPTIMIZATION_LEVEL = "-Onone";
			};
			name = Debug;
		};
		DA83385123A7BED30062936C /* Release */ = {
			isa = XCBuildConfiguration;
			buildSettings = {
				ALWAYS_SEARCH_USER_PATHS = NO;
				CLANG_ANALYZER_NONNULL = YES;
				CLANG_ANALYZER_NUMBER_OBJECT_CONVERSION = YES_AGGRESSIVE;
				CLANG_CXX_LANGUAGE_STANDARD = "gnu++14";
				CLANG_CXX_LIBRARY = "libc++";
				CLANG_ENABLE_MODULES = YES;
				CLANG_ENABLE_OBJC_ARC = YES;
				CLANG_ENABLE_OBJC_WEAK = YES;
				CLANG_WARN_BLOCK_CAPTURE_AUTORELEASING = YES;
				CLANG_WARN_BOOL_CONVERSION = YES;
				CLANG_WARN_COMMA = YES;
				CLANG_WARN_CONSTANT_CONVERSION = YES;
				CLANG_WARN_DEPRECATED_OBJC_IMPLEMENTATIONS = YES;
				CLANG_WARN_DIRECT_OBJC_ISA_USAGE = YES_ERROR;
				CLANG_WARN_DOCUMENTATION_COMMENTS = YES;
				CLANG_WARN_EMPTY_BODY = YES;
				CLANG_WARN_ENUM_CONVERSION = YES;
				CLANG_WARN_INFINITE_RECURSION = YES;
				CLANG_WARN_INT_CONVERSION = YES;
				CLANG_WARN_NON_LITERAL_NULL_CONVERSION = YES;
				CLANG_WARN_OBJC_IMPLICIT_RETAIN_SELF = YES;
				CLANG_WARN_OBJC_LITERAL_CONVERSION = YES;
				CLANG_WARN_OBJC_ROOT_CLASS = YES_ERROR;
				CLANG_WARN_RANGE_LOOP_ANALYSIS = YES;
				CLANG_WARN_STRICT_PROTOTYPES = YES;
				CLANG_WARN_SUSPICIOUS_MOVE = YES;
				CLANG_WARN_UNGUARDED_AVAILABILITY = YES_AGGRESSIVE;
				CLANG_WARN_UNREACHABLE_CODE = YES;
				CLANG_WARN__DUPLICATE_METHOD_MATCH = YES;
				COPY_PHASE_STRIP = NO;
				DEBUG_INFORMATION_FORMAT = "dwarf-with-dsym";
				ENABLE_NS_ASSERTIONS = NO;
				ENABLE_STRICT_OBJC_MSGSEND = YES;
				GCC_C_LANGUAGE_STANDARD = gnu11;
				GCC_NO_COMMON_BLOCKS = YES;
				GCC_WARN_64_TO_32_BIT_CONVERSION = YES;
				GCC_WARN_ABOUT_RETURN_TYPE = YES_ERROR;
				GCC_WARN_UNDECLARED_SELECTOR = YES;
				GCC_WARN_UNINITIALIZED_AUTOS = YES_AGGRESSIVE;
				GCC_WARN_UNUSED_FUNCTION = YES;
				GCC_WARN_UNUSED_VARIABLE = YES;
				IPHONEOS_DEPLOYMENT_TARGET = 13.2;
				MTL_ENABLE_DEBUG_INFO = NO;
				MTL_FAST_MATH = YES;
				SDKROOT = iphoneos;
				SWIFT_COMPILATION_MODE = wholemodule;
				SWIFT_OPTIMIZATION_LEVEL = "-O";
				VALIDATE_PRODUCT = YES;
			};
			name = Release;
		};
		DA83385323A7BED30062936C /* Debug */ = {
			isa = XCBuildConfiguration;
			baseConfigurationReference = EF687A1555483C57D7CF1AA5 /* Pods-eClient.debug.xcconfig */;
			buildSettings = {
				ASSETCATALOG_COMPILER_APPICON_NAME = AppIcon;
				CODE_SIGN_STYLE = Automatic;
				DEVELOPMENT_TEAM = 3G24B7PD2R;
				INFOPLIST_FILE = eClient/Info.plist;
				LD_RUNPATH_SEARCH_PATHS = (
					"$(inherited)",
					"@executable_path/Frameworks",
				);
				PRODUCT_BUNDLE_IDENTIFIER = com.SKSoftTech.eClient;
				PRODUCT_NAME = "$(TARGET_NAME)";
				SWIFT_VERSION = 5.0;
				TARGETED_DEVICE_FAMILY = "1,2";
			};
			name = Debug;
		};
		DA83385423A7BED30062936C /* Release */ = {
			isa = XCBuildConfiguration;
			baseConfigurationReference = DBEE0E6384089C9511D4DF0D /* Pods-eClient.release.xcconfig */;
			buildSettings = {
				ASSETCATALOG_COMPILER_APPICON_NAME = AppIcon;
				CODE_SIGN_STYLE = Automatic;
				DEVELOPMENT_TEAM = 3G24B7PD2R;
				INFOPLIST_FILE = eClient/Info.plist;
				LD_RUNPATH_SEARCH_PATHS = (
					"$(inherited)",
					"@executable_path/Frameworks",
				);
				PRODUCT_BUNDLE_IDENTIFIER = com.SKSoftTech.eClient;
				PRODUCT_NAME = "$(TARGET_NAME)";
				SWIFT_VERSION = 5.0;
				TARGETED_DEVICE_FAMILY = "1,2";
			};
			name = Release;
		};
/* End XCBuildConfiguration section */

/* Begin XCConfigurationList section */
		DA83383923A7BEC90062936C /* Build configuration list for PBXProject "eClient" */ = {
			isa = XCConfigurationList;
			buildConfigurations = (
				DA83385023A7BED30062936C /* Debug */,
				DA83385123A7BED30062936C /* Release */,
			);
			defaultConfigurationIsVisible = 0;
			defaultConfigurationName = Release;
		};
		DA83385223A7BED30062936C /* Build configuration list for PBXNativeTarget "eClient" */ = {
			isa = XCConfigurationList;
			buildConfigurations = (
				DA83385323A7BED30062936C /* Debug */,
				DA83385423A7BED30062936C /* Release */,
			);
			defaultConfigurationIsVisible = 0;
			defaultConfigurationName = Release;
		};
/* End XCConfigurationList section */
	};
	rootObject = DA83383623A7BEC90062936C /* Project object */;
}
